
Microsoft Visual Studio Solution File, Format Version 12.00
# Visual Studio Version 16
VisualStudioVersion = 16.0.29306.81
MinimumVisualStudioVersion = 10.0.40219.1
Project("{9A19103F-16F7-4668-BE54-9A1E7A4F7556}") = "StatusApi", "StatusApi.csproj", "{FD0C774D-585D-4E39-9508-792A5BD4F856}"
EndProject
Global
	GlobalSection(SolutionConfigurationPlatforms) = preSolution
		Debug|Any CPU = Debug|Any CPU
		Release|Any CPU = Release|Any CPU
	EndGlobalSection
	GlobalSection(ProjectConfigurationPlatforms) = postSolution
		{FD0C774D-585D-4E39-9508-792A5BD4F856}.Debug|Any CPU.ActiveCfg = Debug|Any CPU
		{FD0C774D-585D-4E39-9508-792A5BD4F856}.Debug|Any CPU.Build.0 = Debug|Any CPU
		{FD0C774D-585D-4E39-9508-792A5BD4F856}.Release|Any CPU.ActiveCfg = Release|Any CPU
		{FD0C774D-585D-4E39-9508-792A5BD4F856}.Release|Any CPU.Build.0 = Release|Any CPU
	EndGlobalSection
	GlobalSection(SolutionProperties) = preSolution
		HideSolutionNode = FALSE
	EndGlobalSection
	GlobalSection(ExtensibilityGlobals) = postSolution
		SolutionGuid = {DC5A58CE-A903-49DE-A7C7-113061A34DC7}
	EndGlobalSection
EndGlobal
